{
  "lib/forge-std": {
    "tag": {
      "name": "v1.12.0",
      "rev": "7117c90c8cf6c68e5acce4f09a6b24715cea4de6"
    }
  },
  "lib/openzeppelin-contracts": {
    "rev": "dc44c9f1a4c3b10af99492eed84f83ed244203f6"
  },
  "lib/solmate": {
    "rev": "89365b880c4f3c786bdd453d4b8e8fe410344a69"
  },
  "lib/subscription-contracts": {
    "rev": "49646e34603a405bf1d2b490031eb9f0aff7dce3"
  },
  "lib/whitelist-contracts": {
    "rev": "c810326b0b97e138feb4280e38c632c6698748c2"
  },
  "lib/provider-contracts": {
    "rev": "8cbb9eef532e658b1b7e0b475b3a113b74657214"
  }
}